
Microsoft Visual Studio Solution File, Format Version 12.00
# Visual Studio Version 17
VisualStudioVersion = 17.7.34221.43
MinimumVisualStudioVersion = 10.0.40219.1
Project("{9A19103F-16F7-4668-BE54-9A1E7A4F7556}") = "LTAssignment", "LTAssignment\LTAssignment.csproj", "{EEB7434A-7904-4A6F-AAC4-71329CBAE23A}"
EndProject
Global
	GlobalSection(SolutionConfigurationPlatforms) = preSolution
		Debug|Any CPU = Debug|Any CPU
		Release|Any CPU = Release|Any CPU
	EndGlobalSection
	GlobalSection(ProjectConfigurationPlatforms) = postSolution
		{EEB7434A-7904-4A6F-AAC4-71329CBAE23A}.Debug|Any CPU.ActiveCfg = Debug|Any CPU
		{EEB7434A-7904-4A6F-AAC4-71329CBAE23A}.Debug|Any CPU.Build.0 = Debug|Any CPU
		{EEB7434A-7904-4A6F-AAC4-71329CBAE23A}.Release|Any CPU.ActiveCfg = Release|Any CPU
		{EEB7434A-7904-4A6F-AAC4-71329CBAE23A}.Release|Any CPU.Build.0 = Release|Any CPU
	EndGlobalSection
	GlobalSection(SolutionProperties) = preSolution
		HideSolutionNode = FALSE
	EndGlobalSection
	GlobalSection(ExtensibilityGlobals) = postSolution
		SolutionGuid = {A89282C8-37EF-495D-BF8F-99BBC418E5E6}
	EndGlobalSection
EndGlobal
